
Microsoft Visual Studio Solution File, Format Version 12.00
# Visual Studio Version 17
VisualStudioVersion = 17.3.32929.385
MinimumVisualStudioVersion = 10.0.40219.1
Project("{9A19103F-16F7-4668-BE54-9A1E7A4F7556}") = "DataBaseBusiness", "DataBaseBusiness\DataBaseBusiness.csproj", "{B06F9110-BD6D-48F5-9A7A-A2FEE0E7F524}"
EndProject
Project("{9A19103F-16F7-4668-BE54-9A1E7A4F7556}") = "EnumCode", "EnumCode\EnumCode.csproj", "{2910E977-33CE-4D5D-9CF0-02A5D4358202}"
EndProject
Project("{9A19103F-16F7-4668-BE54-9A1E7A4F7556}") = "LangResouceLib", "LangResouceLib\LangResouceLib.csproj", "{9FA0EC09-59B4-45F6-B096-96DF86986830}"
EndProject
Project("{9A19103F-16F7-4668-BE54-9A1E7A4F7556}") = "VideoGuard.ApiModels", "VideoGuard.ApiModels\VideoGuard.ApiModels.csproj", "{539AA6DB-D273-462A-A2F4-535DBC63B136}"
EndProject
Project("{9A19103F-16F7-4668-BE54-9A1E7A4F7556}") = "CommonBase", "CommonBase\CommonBase.csproj", "{084FBBC9-3565-4F91-97DE-51A10FC2D92A}"
EndProject
Project("{9A19103F-16F7-4668-BE54-9A1E7A4F7556}") = "VxClient", "VxClient1\VxClient.csproj", "{636B0CF1-B9C4-4D8D-9003-822AA3153749}"
EndProject
Project("{9A19103F-16F7-4668-BE54-9A1E7A4F7556}") = "LogHelperCore", "LogHelper\LogHelperCore.csproj", "{114F7EAD-AC1D-48FA-B5E1-A26831CDE343}"
EndProject
Project("{9A19103F-16F7-4668-BE54-9A1E7A4F7556}") = "ConsoleApp1", "ConsoleApp1\ConsoleApp1.csproj", "{06EED498-8265-45E0-9F16-A3740D83E7F1}"
EndProject
Project("{9A19103F-16F7-4668-BE54-9A1E7A4F7556}") = "FunctionProtected", "FunctionProtected\FunctionProtected.csproj", "{C7F98B72-16C5-429B-AFD0-68A342A63A82}"
EndProject
Global
	GlobalSection(SolutionConfigurationPlatforms) = preSolution
		Debug|Any CPU = Debug|Any CPU
		Debug|x64 = Debug|x64
		Debug|x86 = Debug|x86
		Release|Any CPU = Release|Any CPU
		Release|x64 = Release|x64
		Release|x86 = Release|x86
	EndGlobalSection
	GlobalSection(ProjectConfigurationPlatforms) = postSolution
		{B06F9110-BD6D-48F5-9A7A-A2FEE0E7F524}.Debug|Any CPU.ActiveCfg = Debug|Any CPU
		{B06F9110-BD6D-48F5-9A7A-A2FEE0E7F524}.Debug|Any CPU.Build.0 = Debug|Any CPU
		{B06F9110-BD6D-48F5-9A7A-A2FEE0E7F524}.Debug|x64.ActiveCfg = Debug|Any CPU
		{B06F9110-BD6D-48F5-9A7A-A2FEE0E7F524}.Debug|x64.Build.0 = Debug|Any CPU
		{B06F9110-BD6D-48F5-9A7A-A2FEE0E7F524}.Debug|x86.ActiveCfg = Debug|Any CPU
		{B06F9110-BD6D-48F5-9A7A-A2FEE0E7F524}.Debug|x86.Build.0 = Debug|Any CPU
		{B06F9110-BD6D-48F5-9A7A-A2FEE0E7F524}.Release|Any CPU.ActiveCfg = Release|Any CPU
		{B06F9110-BD6D-48F5-9A7A-A2FEE0E7F524}.Release|Any CPU.Build.0 = Release|Any CPU
		{B06F9110-BD6D-48F5-9A7A-A2FEE0E7F524}.Release|x64.ActiveCfg = Release|Any CPU
		{B06F9110-BD6D-48F5-9A7A-A2FEE0E7F524}.Release|x64.Build.0 = Release|Any CPU
		{B06F9110-BD6D-48F5-9A7A-A2FEE0E7F524}.Release|x86.ActiveCfg = Release|Any CPU
		{B06F9110-BD6D-48F5-9A7A-A2FEE0E7F524}.Release|x86.Build.0 = Release|Any CPU
		{2910E977-33CE-4D5D-9CF0-02A5D4358202}.Debug|Any CPU.ActiveCfg = Debug|Any CPU
		{2910E977-33CE-4D5D-9CF0-02A5D4358202}.Debug|Any CPU.Build.0 = Debug|Any CPU
		{2910E977-33CE-4D5D-9CF0-02A5D4358202}.Debug|x64.ActiveCfg = Debug|Any CPU
		{2910E977-33CE-4D5D-9CF0-02A5D4358202}.Debug|x64.Build.0 = Debug|Any CPU
		{2910E977-33CE-4D5D-9CF0-02A5D4358202}.Debug|x86.ActiveCfg = Debug|Any CPU
		{2910E977-33CE-4D5D-9CF0-02A5D4358202}.Debug|x86.Build.0 = Debug|Any CPU
		{2910E977-33CE-4D5D-9CF0-02A5D4358202}.Release|Any CPU.ActiveCfg = Release|Any CPU
		{2910E977-33CE-4D5D-9CF0-02A5D4358202}.Release|Any CPU.Build.0 = Release|Any CPU
		{2910E977-33CE-4D5D-9CF0-02A5D4358202}.Release|x64.ActiveCfg = Release|Any CPU
		{2910E977-33CE-4D5D-9CF0-02A5D4358202}.Release|x64.Build.0 = Release|Any CPU
		{2910E977-33CE-4D5D-9CF0-02A5D4358202}.Release|x86.ActiveCfg = Release|Any CPU
		{2910E977-33CE-4D5D-9CF0-02A5D4358202}.Release|x86.Build.0 = Release|Any CPU
		{9FA0EC09-59B4-45F6-B096-96DF86986830}.Debug|Any CPU.ActiveCfg = Debug|Any CPU
		{9FA0EC09-59B4-45F6-B096-96DF86986830}.Debug|Any CPU.Build.0 = Debug|Any CPU
		{9FA0EC09-59B4-45F6-B096-96DF86986830}.Debug|x64.ActiveCfg = Debug|Any CPU
		{9FA0EC09-59B4-45F6-B096-96DF86986830}.Debug|x64.Build.0 = Debug|Any CPU
		{9FA0EC09-59B4-45F6-B096-96DF86986830}.Debug|x86.ActiveCfg = Debug|Any CPU
		{9FA0EC09-59B4-45F6-B096-96DF86986830}.Debug|x86.Build.0 = Debug|Any CPU
		{9FA0EC09-59B4-45F6-B096-96DF86986830}.Release|Any CPU.ActiveCfg = Release|Any CPU
		{9FA0EC09-59B4-45F6-B096-96DF86986830}.Release|Any CPU.Build.0 = Release|Any CPU
		{9FA0EC09-59B4-45F6-B096-96DF86986830}.Release|x64.ActiveCfg = Release|Any CPU
		{9FA0EC09-59B4-45F6-B096-96DF86986830}.Release|x64.Build.0 = Release|Any CPU
		{9FA0EC09-59B4-45F6-B096-96DF86986830}.Release|x86.ActiveCfg = Release|Any CPU
		{9FA0EC09-59B4-45F6-B096-96DF86986830}.Release|x86.Build.0 = Release|Any CPU
		{539AA6DB-D273-462A-A2F4-535DBC63B136}.Debug|Any CPU.ActiveCfg = Debug|Any CPU
		{539AA6DB-D273-462A-A2F4-535DBC63B136}.Debug|Any CPU.Build.0 = Debug|Any CPU
		{539AA6DB-D273-462A-A2F4-535DBC63B136}.Debug|x64.ActiveCfg = Debug|Any CPU
		{539AA6DB-D273-462A-A2F4-535DBC63B136}.Debug|x64.Build.0 = Debug|Any CPU
		{539AA6DB-D273-462A-A2F4-535DBC63B136}.Debug|x86.ActiveCfg = Debug|Any CPU
		{539AA6DB-D273-462A-A2F4-535DBC63B136}.Debug|x86.Build.0 = Debug|Any CPU
		{539AA6DB-D273-462A-A2F4-535DBC63B136}.Release|Any CPU.ActiveCfg = Release|Any CPU
		{539AA6DB-D273-462A-A2F4-535DBC63B136}.Release|Any CPU.Build.0 = Release|Any CPU
		{539AA6DB-D273-462A-A2F4-535DBC63B136}.Release|x64.ActiveCfg = Release|Any CPU
		{539AA6DB-D273-462A-A2F4-535DBC63B136}.Release|x64.Build.0 = Release|Any CPU
		{539AA6DB-D273-462A-A2F4-535DBC63B136}.Release|x86.ActiveCfg = Release|Any CPU
		{539AA6DB-D273-462A-A2F4-535DBC63B136}.Release|x86.Build.0 = Release|Any CPU
		{084FBBC9-3565-4F91-97DE-51A10FC2D92A}.Debug|Any CPU.ActiveCfg = Debug|Any CPU
		{084FBBC9-3565-4F91-97DE-51A10FC2D92A}.Debug|Any CPU.Build.0 = Debug|Any CPU
		{084FBBC9-3565-4F91-97DE-51A10FC2D92A}.Debug|x64.ActiveCfg = Debug|Any CPU
		{084FBBC9-3565-4F91-97DE-51A10FC2D92A}.Debug|x64.Build.0 = Debug|Any CPU
		{084FBBC9-3565-4F91-97DE-51A10FC2D92A}.Debug|x86.ActiveCfg = Debug|Any CPU
		{084FBBC9-3565-4F91-97DE-51A10FC2D92A}.Debug|x86.Build.0 = Debug|Any CPU
		{084FBBC9-3565-4F91-97DE-51A10FC2D92A}.Release|Any CPU.ActiveCfg = Release|Any CPU
		{084FBBC9-3565-4F91-97DE-51A10FC2D92A}.Release|Any CPU.Build.0 = Release|Any CPU
		{084FBBC9-3565-4F91-97DE-51A10FC2D92A}.Release|x64.ActiveCfg = Release|Any CPU
		{084FBBC9-3565-4F91-97DE-51A10FC2D92A}.Release|x64.Build.0 = Release|Any CPU
		{084FBBC9-3565-4F91-97DE-51A10FC2D92A}.Release|x86.ActiveCfg = Release|Any CPU
		{084FBBC9-3565-4F91-97DE-51A10FC2D92A}.Release|x86.Build.0 = Release|Any CPU
		{636B0CF1-B9C4-4D8D-9003-822AA3153749}.Debug|Any CPU.ActiveCfg = Debug|Any CPU
		{636B0CF1-B9C4-4D8D-9003-822AA3153749}.Debug|Any CPU.Build.0 = Debug|Any CPU
		{636B0CF1-B9C4-4D8D-9003-822AA3153749}.Debug|x64.ActiveCfg = Debug|Any CPU
		{636B0CF1-B9C4-4D8D-9003-822AA3153749}.Debug|x64.Build.0 = Debug|Any CPU
		{636B0CF1-B9C4-4D8D-9003-822AA3153749}.Debug|x86.ActiveCfg = Debug|Any CPU
		{636B0CF1-B9C4-4D8D-9003-822AA3153749}.Debug|x86.Build.0 = Debug|Any CPU
		{636B0CF1-B9C4-4D8D-9003-822AA3153749}.Release|Any CPU.ActiveCfg = Release|Any CPU
		{636B0CF1-B9C4-4D8D-9003-822AA3153749}.Release|Any CPU.Build.0 = Release|Any CPU
		{636B0CF1-B9C4-4D8D-9003-822AA3153749}.Release|x64.ActiveCfg = Release|Any CPU
		{636B0CF1-B9C4-4D8D-9003-822AA3153749}.Release|x64.Build.0 = Release|Any CPU
		{636B0CF1-B9C4-4D8D-9003-822AA3153749}.Release|x86.ActiveCfg = Release|Any CPU
		{636B0CF1-B9C4-4D8D-9003-822AA3153749}.Release|x86.Build.0 = Release|Any CPU
		{114F7EAD-AC1D-48FA-B5E1-A26831CDE343}.Debug|Any CPU.ActiveCfg = Debug|Any CPU
		{114F7EAD-AC1D-48FA-B5E1-A26831CDE343}.Debug|Any CPU.Build.0 = Debug|Any CPU
		{114F7EAD-AC1D-48FA-B5E1-A26831CDE343}.Debug|x64.ActiveCfg = Debug|Any CPU
		{114F7EAD-AC1D-48FA-B5E1-A26831CDE343}.Debug|x64.Build.0 = Debug|Any CPU
		{114F7EAD-AC1D-48FA-B5E1-A26831CDE343}.Debug|x86.ActiveCfg = Debug|Any CPU
		{114F7EAD-AC1D-48FA-B5E1-A26831CDE343}.Debug|x86.Build.0 = Debug|Any CPU
		{114F7EAD-AC1D-48FA-B5E1-A26831CDE343}.Release|Any CPU.ActiveCfg = Release|Any CPU
		{114F7EAD-AC1D-48FA-B5E1-A26831CDE343}.Release|Any CPU.Build.0 = Release|Any CPU
		{114F7EAD-AC1D-48FA-B5E1-A26831CDE343}.Release|x64.ActiveCfg = Release|Any CPU
		{114F7EAD-AC1D-48FA-B5E1-A26831CDE343}.Release|x64.Build.0 = Release|Any CPU
		{114F7EAD-AC1D-48FA-B5E1-A26831CDE343}.Release|x86.ActiveCfg = Release|Any CPU
		{114F7EAD-AC1D-48FA-B5E1-A26831CDE343}.Release|x86.Build.0 = Release|Any CPU
		{06EED498-8265-45E0-9F16-A3740D83E7F1}.Debug|Any CPU.ActiveCfg = Debug|Any CPU
		{06EED498-8265-45E0-9F16-A3740D83E7F1}.Debug|Any CPU.Build.0 = Debug|Any CPU
		{06EED498-8265-45E0-9F16-A3740D83E7F1}.Debug|x64.ActiveCfg = Debug|Any CPU
		{06EED498-8265-45E0-9F16-A3740D83E7F1}.Debug|x64.Build.0 = Debug|Any CPU
		{06EED498-8265-45E0-9F16-A3740D83E7F1}.Debug|x86.ActiveCfg = Debug|Any CPU
		{06EED498-8265-45E0-9F16-A3740D83E7F1}.Debug|x86.Build.0 = Debug|Any CPU
		{06EED498-8265-45E0-9F16-A3740D83E7F1}.Release|Any CPU.ActiveCfg = Release|Any CPU
		{06EED498-8265-45E0-9F16-A3740D83E7F1}.Release|Any CPU.Build.0 = Release|Any CPU
		{06EED498-8265-45E0-9F16-A3740D83E7F1}.Release|x64.ActiveCfg = Release|Any CPU
		{06EED498-8265-45E0-9F16-A3740D83E7F1}.Release|x64.Build.0 = Release|Any CPU
		{06EED498-8265-45E0-9F16-A3740D83E7F1}.Release|x86.ActiveCfg = Release|Any CPU
		{06EED498-8265-45E0-9F16-A3740D83E7F1}.Release|x86.Build.0 = Release|Any CPU
		{C7F98B72-16C5-429B-AFD0-68A342A63A82}.Debug|Any CPU.ActiveCfg = Debug|Any CPU
		{C7F98B72-16C5-429B-AFD0-68A342A63A82}.Debug|Any CPU.Build.0 = Debug|Any CPU
		{C7F98B72-16C5-429B-AFD0-68A342A63A82}.Debug|x64.ActiveCfg = Debug|Any CPU
		{C7F98B72-16C5-429B-AFD0-68A342A63A82}.Debug|x64.Build.0 = Debug|Any CPU
		{C7F98B72-16C5-429B-AFD0-68A342A63A82}.Debug|x86.ActiveCfg = Debug|Any CPU
		{C7F98B72-16C5-429B-AFD0-68A342A63A82}.Debug|x86.Build.0 = Debug|Any CPU
		{C7F98B72-16C5-429B-AFD0-68A342A63A82}.Release|Any CPU.ActiveCfg = Release|Any CPU
		{C7F98B72-16C5-429B-AFD0-68A342A63A82}.Release|Any CPU.Build.0 = Release|Any CPU
		{C7F98B72-16C5-429B-AFD0-68A342A63A82}.Release|x64.ActiveCfg = Release|Any CPU
		{C7F98B72-16C5-429B-AFD0-68A342A63A82}.Release|x64.Build.0 = Release|Any CPU
		{C7F98B72-16C5-429B-AFD0-68A342A63A82}.Release|x86.ActiveCfg = Release|Any CPU
		{C7F98B72-16C5-429B-AFD0-68A342A63A82}.Release|x86.Build.0 = Release|Any CPU
	EndGlobalSection
	GlobalSection(SolutionProperties) = preSolution
		HideSolutionNode = FALSE
	EndGlobalSection
	GlobalSection(ExtensibilityGlobals) = postSolution
		SolutionGuid = {1FB1FC9E-0617-4B06-8DBC-11075FD1C912}
	EndGlobalSection
EndGlobal
